
Microsoft Visual Studio Solution File, Format Version 12.00
# Visual Studio 15
VisualStudioVersion = 15.0.26430.15
MinimumVisualStudioVersion = 10.0.40219.1
Project("{FAE04EC0-301F-11D3-BF4B-00C04F79EFBC}") = "SlashComments", "SlashComments\SlashComments.csproj", "{AAA24CE2-80BF-4F19-8BDC-4C2CAA6FBC2B}"
EndProject
Project("{FAE04EC0-301F-11D3-BF4B-00C04F79EFBC}") = "KeyboardSchemes", "KeyboardSchemes\KeyboardSchemes.csproj", "{1D623713-09DB-4C72-AFFE-CBC59BF14DA1}"
EndProject
Project("{FAE04EC0-301F-11D3-BF4B-00C04F79EFBC}") = "HotKeys", "HotKeys\HotKeys.csproj", "{340C60D1-2E05-4701-B213-A729621D7A92}"
EndProject
Global
	GlobalSection(SolutionConfigurationPlatforms) = preSolution
		Debug|Any CPU = Debug|Any CPU
		Release|Any CPU = Release|Any CPU
	EndGlobalSection
	GlobalSection(ProjectConfigurationPlatforms) = postSolution
		{AAA24CE2-80BF-4F19-8BDC-4C2CAA6FBC2B}.Debug|Any CPU.ActiveCfg = Debug|Any CPU
		{AAA24CE2-80BF-4F19-8BDC-4C2CAA6FBC2B}.Debug|Any CPU.Build.0 = Debug|Any CPU
		{AAA24CE2-80BF-4F19-8BDC-4C2CAA6FBC2B}.Release|Any CPU.ActiveCfg = Release|Any CPU
		{AAA24CE2-80BF-4F19-8BDC-4C2CAA6FBC2B}.Release|Any CPU.Build.0 = Release|Any CPU
		{1D623713-09DB-4C72-AFFE-CBC59BF14DA1}.Debug|Any CPU.ActiveCfg = Debug|Any CPU
		{1D623713-09DB-4C72-AFFE-CBC59BF14DA1}.Debug|Any CPU.Build.0 = Debug|Any CPU
		{1D623713-09DB-4C72-AFFE-CBC59BF14DA1}.Release|Any CPU.ActiveCfg = Release|Any CPU
		{1D623713-09DB-4C72-AFFE-CBC59BF14DA1}.Release|Any CPU.Build.0 = Release|Any CPU
		{340C60D1-2E05-4701-B213-A729621D7A92}.Debug|Any CPU.ActiveCfg = Debug|Any CPU
		{340C60D1-2E05-4701-B213-A729621D7A92}.Debug|Any CPU.Build.0 = Debug|Any CPU
		{340C60D1-2E05-4701-B213-A729621D7A92}.Release|Any CPU.ActiveCfg = Release|Any CPU
		{340C60D1-2E05-4701-B213-A729621D7A92}.Release|Any CPU.Build.0 = Release|Any CPU
	EndGlobalSection
	GlobalSection(SolutionProperties) = preSolution
		HideSolutionNode = FALSE
	EndGlobalSection
EndGlobal
